
Microsoft Visual Studio Solution File, Format Version 12.00
# Visual Studio Version 17
VisualStudioVersion = 17.1.32228.430
MinimumVisualStudioVersion = 10.0.40219.1
Project("{8BC9CEB8-8B4A-11D0-8D11-00A0C91BC942}") = "HelloSocket", "HelloSocket\HelloSocket.vcxproj", "{A7C17CD4-6EC1-4202-93EF-2B854A8FDFA1}"
EndProject
Project("{8BC9CEB8-8B4A-11D0-8D11-00A0C91BC942}") = "EasyTcpServer", "EasyTcpServer\EasyTcpServer.vcxproj", "{1B524EB7-4928-4B49-8125-2CE2ECDC099D}"
EndProject
Project("{8BC9CEB8-8B4A-11D0-8D11-00A0C91BC942}") = "EasyTcpClient", "EasyTcpClient\EasyTcpClient.vcxproj", "{A08CF776-0190-4C1E-9E37-0E40DCE7625C}"
EndProject
Global
	GlobalSection(SolutionConfigurationPlatforms) = preSolution
		Debug|x64 = Debug|x64
		Debug|x86 = Debug|x86
		Release|x64 = Release|x64
		Release|x86 = Release|x86
	EndGlobalSection
	GlobalSection(ProjectConfigurationPlatforms) = postSolution
		{A7C17CD4-6EC1-4202-93EF-2B854A8FDFA1}.Debug|x64.ActiveCfg = Debug|x64
		{A7C17CD4-6EC1-4202-93EF-2B854A8FDFA1}.Debug|x64.Build.0 = Debug|x64
		{A7C17CD4-6EC1-4202-93EF-2B854A8FDFA1}.Debug|x86.ActiveCfg = Debug|Win32
		{A7C17CD4-6EC1-4202-93EF-2B854A8FDFA1}.Debug|x86.Build.0 = Debug|Win32
		{A7C17CD4-6EC1-4202-93EF-2B854A8FDFA1}.Release|x64.ActiveCfg = Release|x64
		{A7C17CD4-6EC1-4202-93EF-2B854A8FDFA1}.Release|x64.Build.0 = Release|x64
		{A7C17CD4-6EC1-4202-93EF-2B854A8FDFA1}.Release|x86.ActiveCfg = Release|Win32
		{A7C17CD4-6EC1-4202-93EF-2B854A8FDFA1}.Release|x86.Build.0 = Release|Win32
		{1B524EB7-4928-4B49-8125-2CE2ECDC099D}.Debug|x64.ActiveCfg = Debug|x64
		{1B524EB7-4928-4B49-8125-2CE2ECDC099D}.Debug|x64.Build.0 = Debug|x64
		{1B524EB7-4928-4B49-8125-2CE2ECDC099D}.Debug|x86.ActiveCfg = Debug|Win32
		{1B524EB7-4928-4B49-8125-2CE2ECDC099D}.Debug|x86.Build.0 = Debug|Win32
		{1B524EB7-4928-4B49-8125-2CE2ECDC099D}.Release|x64.ActiveCfg = Release|x64
		{1B524EB7-4928-4B49-8125-2CE2ECDC099D}.Release|x64.Build.0 = Release|x64
		{1B524EB7-4928-4B49-8125-2CE2ECDC099D}.Release|x86.ActiveCfg = Release|Win32
		{1B524EB7-4928-4B49-8125-2CE2ECDC099D}.Release|x86.Build.0 = Release|Win32
		{A08CF776-0190-4C1E-9E37-0E40DCE7625C}.Debug|x64.ActiveCfg = Debug|x64
		{A08CF776-0190-4C1E-9E37-0E40DCE7625C}.Debug|x64.Build.0 = Debug|x64
		{A08CF776-0190-4C1E-9E37-0E40DCE7625C}.Debug|x86.ActiveCfg = Debug|Win32
		{A08CF776-0190-4C1E-9E37-0E40DCE7625C}.Debug|x86.Build.0 = Debug|Win32
		{A08CF776-0190-4C1E-9E37-0E40DCE7625C}.Release|x64.ActiveCfg = Release|x64
		{A08CF776-0190-4C1E-9E37-0E40DCE7625C}.Release|x64.Build.0 = Release|x64
		{A08CF776-0190-4C1E-9E37-0E40DCE7625C}.Release|x86.ActiveCfg = Release|Win32
		{A08CF776-0190-4C1E-9E37-0E40DCE7625C}.Release|x86.Build.0 = Release|Win32
	EndGlobalSection
	GlobalSection(SolutionProperties) = preSolution
		HideSolutionNode = FALSE
	EndGlobalSection
	GlobalSection(ExtensibilityGlobals) = postSolution
		SolutionGuid = {2262B68A-34FF-4008-821B-891E95C0CACC}
	EndGlobalSection
EndGlobal
